
Microsoft Visual Studio Solution File, Format Version 12.00
# Visual Studio Version 16
VisualStudioVersion = 16.0.31624.102
MinimumVisualStudioVersion = 10.0.40219.1
Project("{FAE04EC0-301F-11D3-BF4B-00C04F79EFBC}") = "HashTable", "HashTable.csproj", "{9016CE06-2255-4476-8554-8B5857BC93DD}"
EndProject
Global
	GlobalSection(SolutionConfigurationPlatforms) = preSolution
		Debug|Any CPU = Debug|Any CPU
		Release|Any CPU = Release|Any CPU
	EndGlobalSection
	GlobalSection(ProjectConfigurationPlatforms) = postSolution
		{9016CE06-2255-4476-8554-8B5857BC93DD}.Debug|Any CPU.ActiveCfg = Debug|Any CPU
		{9016CE06-2255-4476-8554-8B5857BC93DD}.Debug|Any CPU.Build.0 = Debug|Any CPU
		{9016CE06-2255-4476-8554-8B5857BC93DD}.Release|Any CPU.ActiveCfg = Release|Any CPU
		{9016CE06-2255-4476-8554-8B5857BC93DD}.Release|Any CPU.Build.0 = Release|Any CPU
	EndGlobalSection
	GlobalSection(SolutionProperties) = preSolution
		HideSolutionNode = FALSE
	EndGlobalSection
	GlobalSection(ExtensibilityGlobals) = postSolution
		SolutionGuid = {A28F2EFF-1D26-40F9-A2CC-91177316DBC9}
	EndGlobalSection
EndGlobal
